
Microsoft Visual Studio Solution File, Format Version 12.00
# Visual Studio Version 17
VisualStudioVersion = 17.3.32811.315
MinimumVisualStudioVersion = 10.0.40219.1
Project("{FAE04EC0-301F-11D3-BF4B-00C04F79EFBC}") = "AppTest1.0", "AppTest1.0\AppTest1.0.csproj", "{49369903-5016-4697-8D4D-6CEB76F2874A}"
EndProject
Global
	GlobalSection(SolutionConfigurationPlatforms) = preSolution
		Debug|Any CPU = Debug|Any CPU
		Release|Any CPU = Release|Any CPU
	EndGlobalSection
	GlobalSection(ProjectConfigurationPlatforms) = postSolution
		{49369903-5016-4697-8D4D-6CEB76F2874A}.Debug|Any CPU.ActiveCfg = Debug|Any CPU
		{49369903-5016-4697-8D4D-6CEB76F2874A}.Debug|Any CPU.Build.0 = Debug|Any CPU
		{49369903-5016-4697-8D4D-6CEB76F2874A}.Release|Any CPU.ActiveCfg = Release|Any CPU
		{49369903-5016-4697-8D4D-6CEB76F2874A}.Release|Any CPU.Build.0 = Release|Any CPU
	EndGlobalSection
	GlobalSection(SolutionProperties) = preSolution
		HideSolutionNode = FALSE
	EndGlobalSection
	GlobalSection(ExtensibilityGlobals) = postSolution
		SolutionGuid = {9CAAE758-AF06-4813-82D8-E99A9E4299CE}
	EndGlobalSection
EndGlobal
